
Microsoft Visual Studio Solution File, Format Version 12.00
# Visual Studio Version 16
VisualStudioVersion = 16.0.29709.97
MinimumVisualStudioVersion = 10.0.40219.1
Project("{FAE04EC0-301F-11D3-BF4B-00C04F79EFBC}") = "apiGestores", "apiGestores\apiGestores.csproj", "{06102C3F-9ED0-4C2B-BAD6-17BD08ECDF34}"
EndProject
Global
	GlobalSection(SolutionConfigurationPlatforms) = preSolution
		Debug|Any CPU = Debug|Any CPU
		Release|Any CPU = Release|Any CPU
	EndGlobalSection
	GlobalSection(ProjectConfigurationPlatforms) = postSolution
		{06102C3F-9ED0-4C2B-BAD6-17BD08ECDF34}.Debug|Any CPU.ActiveCfg = Debug|Any CPU
		{06102C3F-9ED0-4C2B-BAD6-17BD08ECDF34}.Debug|Any CPU.Build.0 = Debug|Any CPU
		{06102C3F-9ED0-4C2B-BAD6-17BD08ECDF34}.Release|Any CPU.ActiveCfg = Release|Any CPU
		{06102C3F-9ED0-4C2B-BAD6-17BD08ECDF34}.Release|Any CPU.Build.0 = Release|Any CPU
	EndGlobalSection
	GlobalSection(SolutionProperties) = preSolution
		HideSolutionNode = FALSE
	EndGlobalSection
	GlobalSection(ExtensibilityGlobals) = postSolution
		SolutionGuid = {D5722735-3F01-435A-A702-82F46908D14C}
	EndGlobalSection
EndGlobal
